
Microsoft Visual Studio Solution File, Format Version 12.00
# Visual Studio Version 17
VisualStudioVersion = 17.1.32210.238
MinimumVisualStudioVersion = 10.0.40219.1
Project("{FAE04EC0-301F-11D3-BF4B-00C04F79EFBC}") = "ShoppingCart", "ShoppingCart\ShoppingCart.csproj", "{F10E6E4E-8252-419C-AD90-EEE250C7ACC8}"
EndProject
Project("{FAE04EC0-301F-11D3-BF4B-00C04F79EFBC}") = "shoppingCart.Domain", "shoppingCart.Domain\shoppingCart.Domain.csproj", "{9441087F-2334-4694-A74B-34DEC11B5254}"
EndProject
Project("{FAE04EC0-301F-11D3-BF4B-00C04F79EFBC}") = "ShoppingCart.Service", "ShoppingCart.Service\ShoppingCart.Service.csproj", "{ABE83461-FF17-4872-8F88-7C24FC2F3888}"
	ProjectSection(ProjectDependencies) = postProject
		{9441087F-2334-4694-A74B-34DEC11B5254} = {9441087F-2334-4694-A74B-34DEC11B5254}
	EndProjectSection
EndProject
Global
	GlobalSection(SolutionConfigurationPlatforms) = preSolution
		Debug|Any CPU = Debug|Any CPU
		Release|Any CPU = Release|Any CPU
	EndGlobalSection
	GlobalSection(ProjectConfigurationPlatforms) = postSolution
		{F10E6E4E-8252-419C-AD90-EEE250C7ACC8}.Debug|Any CPU.ActiveCfg = Debug|Any CPU
		{F10E6E4E-8252-419C-AD90-EEE250C7ACC8}.Debug|Any CPU.Build.0 = Debug|Any CPU
		{F10E6E4E-8252-419C-AD90-EEE250C7ACC8}.Release|Any CPU.ActiveCfg = Release|Any CPU
		{F10E6E4E-8252-419C-AD90-EEE250C7ACC8}.Release|Any CPU.Build.0 = Release|Any CPU
		{9441087F-2334-4694-A74B-34DEC11B5254}.Debug|Any CPU.ActiveCfg = Debug|Any CPU
		{9441087F-2334-4694-A74B-34DEC11B5254}.Debug|Any CPU.Build.0 = Debug|Any CPU
		{9441087F-2334-4694-A74B-34DEC11B5254}.Release|Any CPU.ActiveCfg = Release|Any CPU
		{9441087F-2334-4694-A74B-34DEC11B5254}.Release|Any CPU.Build.0 = Release|Any CPU
		{ABE83461-FF17-4872-8F88-7C24FC2F3888}.Debug|Any CPU.ActiveCfg = Debug|Any CPU
		{ABE83461-FF17-4872-8F88-7C24FC2F3888}.Debug|Any CPU.Build.0 = Debug|Any CPU
		{ABE83461-FF17-4872-8F88-7C24FC2F3888}.Release|Any CPU.ActiveCfg = Release|Any CPU
		{ABE83461-FF17-4872-8F88-7C24FC2F3888}.Release|Any CPU.Build.0 = Release|Any CPU
	EndGlobalSection
	GlobalSection(SolutionProperties) = preSolution
		HideSolutionNode = FALSE
	EndGlobalSection
	GlobalSection(ExtensibilityGlobals) = postSolution
		SolutionGuid = {8C34C63B-9EAF-41BC-8D4A-339508D78A3E}
	EndGlobalSection
EndGlobal
